
Microsoft Visual Studio Solution File, Format Version 12.00
# Visual Studio Version 17
VisualStudioVersion = 17.13.35913.81
MinimumVisualStudioVersion = 10.0.40219.1
Project("{2150E333-8FDC-42A3-9474-1A3956D46DE8}") = "FrontEnd", "FrontEnd", "{02EA681E-C7D8-13C7-8484-4AC65E1B71E8}"
EndProject
Project("{2150E333-8FDC-42A3-9474-1A3956D46DE8}") = "Services", "Services", "{7FA5BCCB-EAD5-4B27-BDF5-DB7058ECEB19}"
EndProject
Project("{2150E333-8FDC-42A3-9474-1A3956D46DE8}") = "Gateway", "Gateway", "{0ADB87F2-9E6B-45D8-B7AD-E3CCBDA9485C}"
EndProject
Project("{2150E333-8FDC-42A3-9474-1A3956D46DE8}") = "Integration", "Integration", "{BB034F04-6A7E-4118-9903-BF65FCCDB0A8}"
EndProject
Project("{FAE04EC0-301F-11D3-BF4B-00C04F79EFBC}") = "CustomerAPI", "CustomerAPI\CustomerAPI.csproj", "{F038C057-8D6D-49F4-9B93-7C172179EB28}"
EndProject
Global
	GlobalSection(SolutionConfigurationPlatforms) = preSolution
		Debug|Any CPU = Debug|Any CPU
		Release|Any CPU = Release|Any CPU
	EndGlobalSection
	GlobalSection(ProjectConfigurationPlatforms) = postSolution
		{F038C057-8D6D-49F4-9B93-7C172179EB28}.Debug|Any CPU.ActiveCfg = Debug|Any CPU
		{F038C057-8D6D-49F4-9B93-7C172179EB28}.Debug|Any CPU.Build.0 = Debug|Any CPU
		{F038C057-8D6D-49F4-9B93-7C172179EB28}.Release|Any CPU.ActiveCfg = Release|Any CPU
		{F038C057-8D6D-49F4-9B93-7C172179EB28}.Release|Any CPU.Build.0 = Release|Any CPU
	EndGlobalSection
	GlobalSection(SolutionProperties) = preSolution
		HideSolutionNode = FALSE
	EndGlobalSection
	GlobalSection(NestedProjects) = preSolution
		{F038C057-8D6D-49F4-9B93-7C172179EB28} = {7FA5BCCB-EAD5-4B27-BDF5-DB7058ECEB19}
	EndGlobalSection
	GlobalSection(ExtensibilityGlobals) = postSolution
		SolutionGuid = {1C03D227-8673-4E20-8657-89F931C81C68}
	EndGlobalSection
EndGlobal
